
Microsoft Visual Studio Solution File, Format Version 12.00
# Visual Studio 2012
Project("{FAE04EC0-301F-11D3-BF4B-00C04F79EFBC}") = "DotNetCOMPlusSample", "DotNetCOMPlusSample\DotNetCOMPlusSample.csproj", "{29A98868-60D7-4A30-BB76-0645785C6122}"
EndProject
Project("{FAE04EC0-301F-11D3-BF4B-00C04F79EFBC}") = "Test", "Test\Test.csproj", "{44C4202F-F51D-4CA4-B926-112F9B902C4D}"
EndProject
Global
	GlobalSection(SolutionConfigurationPlatforms) = preSolution
		Debug|Any CPU = Debug|Any CPU
		Release|Any CPU = Release|Any CPU
	EndGlobalSection
	GlobalSection(ProjectConfigurationPlatforms) = postSolution
		{29A98868-60D7-4A30-BB76-0645785C6122}.Debug|Any CPU.ActiveCfg = Debug|Any CPU
		{29A98868-60D7-4A30-BB76-0645785C6122}.Debug|Any CPU.Build.0 = Debug|Any CPU
		{29A98868-60D7-4A30-BB76-0645785C6122}.Release|Any CPU.ActiveCfg = Release|Any CPU
		{29A98868-60D7-4A30-BB76-0645785C6122}.Release|Any CPU.Build.0 = Release|Any CPU
		{44C4202F-F51D-4CA4-B926-112F9B902C4D}.Debug|Any CPU.ActiveCfg = Debug|Any CPU
		{44C4202F-F51D-4CA4-B926-112F9B902C4D}.Debug|Any CPU.Build.0 = Debug|Any CPU
		{44C4202F-F51D-4CA4-B926-112F9B902C4D}.Release|Any CPU.ActiveCfg = Release|Any CPU
		{44C4202F-F51D-4CA4-B926-112F9B902C4D}.Release|Any CPU.Build.0 = Release|Any CPU
	EndGlobalSection
	GlobalSection(SolutionProperties) = preSolution
		HideSolutionNode = FALSE
	EndGlobalSection
EndGlobal
